// !$*UTF8*$!
{
	archiveVersion = 1;
	classes = {
	};
	objectVersion = 56;
	objects = {

/* Begin PBXBuildFile section */
		33EBA8A92B90F1EC00D579FC /* samplePhoneAppApp.swift in Sources */ = {isa = PBXBuildFile; fileRef = 33EBA8A82B90F1EC00D579FC /* samplePhoneAppApp.swift */; };
		33EBA8AB2B90F1EC00D579FC /* ContentView.swift in Sources */ = {isa = PBXBuildFile; fileRef = 33EBA8AA2B90F1EC00D579FC /* ContentView.swift */; };
		33EBA8AD2B90F1ED00D579FC /* Assets.xcassets in Resources */ = {isa = PBXBuildFile; fileRef = 33EBA8AC2B90F1ED00D579FC /* Assets.xcassets */; };
		33EBA8B02B90F1ED00D579FC /* Preview Assets.xcassets in Resources */ = {isa = PBXBuildFile; fileRef = 33EBA8AF2B90F1ED00D579FC /* Preview Assets.xcassets */; };
		33EBA8BA2B90F1EE00D579FC /* samplePhoneAppTests.swift in Sources */ = {isa = PBXBuildFile; fileRef = 33EBA8B92B90F1EE00D579FC /* samplePhoneAppTests.swift */; };
		33EBA8C42B90F1EE00D579FC /* samplePhoneAppUITests.swift in Sources */ = {isa = PBXBuildFile; fileRef = 33EBA8C32B90F1EE00D579FC /* samplePhoneAppUITests.swift */; };
		33EBA8C62B90F1EE00D579FC /* samplePhoneAppUITestsLaunchTests.swift in Sources */ = {isa = PBXBuildFile; fileRef = 33EBA8C52B90F1EE00D579FC /* samplePhoneAppUITestsLaunchTests.swift */; };
/* End PBXBuildFile section */

/* Begin PBXContainerItemProxy section */
		33EBA8B62B90F1EE00D579FC /* PBXContainerItemProxy */ = {
			isa = PBXContainerItemProxy;
			containerPortal = 33EBA89D2B90F1EC00D579FC /* Project object */;
			proxyType = 1;
			remoteGlobalIDString = 33EBA8A42B90F1EC00D579FC;
			remoteInfo = samplePhoneApp;
		};
		33EBA8C02B90F1EE00D579FC /* PBXContainerItemProxy */ = {
			isa = PBXContainerItemProxy;
			containerPortal = 33EBA89D2B90F1EC00D579FC /* Project object */;
			proxyType = 1;
			remoteGlobalIDString = 33EBA8A42B90F1EC00D579FC;
			remoteInfo = samplePhoneApp;
		};
/* End PBXContainerItemProxy section */

/* Begin PBXFileReference section */
		33EBA8A52B90F1EC00D579FC /* samplePhoneApp.app */ = {isa = PBXFileReference; explicitFileType = wrapper.application; includeInIndex = 0; path = samplePhoneApp.app; sourceTree = BUILT_PRODUCTS_DIR; };
		33EBA8A82B90F1EC00D579FC /* samplePhoneAppApp.swift */ = {isa = PBXFileReference; lastKnownFileType = sourcecode.swift; path = samplePhoneAppApp.swift; sourceTree = "<group>"; };
		33EBA8AA2B90F1EC00D579FC /* ContentView.swift */ = {isa = PBXFileReference; lastKnownFileType = sourcecode.swift; path = ContentView.swift; sourceTree = "<group>"; };
		33EBA8AC2B90F1ED00D579FC /* Assets.xcassets */ = {isa = PBXFileReference; lastKnownFileType = folder.assetcatalog; path = Assets.xcassets; sourceTree = "<group>"; };
		33EBA8AF2B90F1ED00D579FC /* Preview Assets.xcassets */ = {isa = PBXFileReference; lastKnownFileType = folder.assetcatalog; path = "Preview Assets.xcassets"; sourceTree = "<group>"; };
		33EBA8B52B90F1EE00D579FC /* samplePhoneAppTests.xctest */ = {isa = PBXFileReference; explicitFileType = wrapper.cfbundle; includeInIndex = 0; path = samplePhoneAppTests.xctest; sourceTree = BUILT_PRODUCTS_DIR; };
		33EBA8B92B90F1EE00D579FC /* samplePhoneAppTests.swift */ = {isa = PBXFileReference; lastKnownFileType = sourcecode.swift; path = samplePhoneAppTests.swift; sourceTree = "<group>"; };
		33EBA8BF2B90F1EE00D579FC /* samplePhoneAppUITests.xctest */ = {isa = PBXFileReference; explicitFileType = wrapper.cfbundle; includeInIndex = 0; path = samplePhoneAppUITests.xctest; sourceTree = BUILT_PRODUCTS_DIR; };
		33EBA8C32B90F1EE00D579FC /* samplePhoneAppUITests.swift */ = {isa = PBXFileReference; lastKnownFileType = sourcecode.swift; path = samplePhoneAppUITests.swift; sourceTree = "<group>"; };
		33EBA8C52B90F1EE00D579FC /* samplePhoneAppUITestsLaunchTests.swift */ = {isa = PBXFileReference; lastKnownFileType = sourcecode.swift; path = samplePhoneAppUITestsLaunchTests.swift; sourceTree = "<group>"; };
/* End PBXFileReference section */

/* Begin PBXFrameworksBuildPhase section */
		33EBA8A22B90F1EC00D579FC /* Frameworks */ = {
			isa = PBXFrameworksBuildPhase;
			buildActionMask = 2147483647;
			files = (
			);
			runOnlyForDeploymentPostprocessing = 0;
		};
		33EBA8B22B90F1EE00D579FC /* Frameworks */ = {
			isa = PBXFrameworksBuildPhase;
			buildActionMask = 2147483647;
			files = (
			);
			runOnlyForDeploymentPostprocessing = 0;
		};
		33EBA8BC2B90F1EE00D579FC /* Frameworks */ = {
			isa = PBXFrameworksBuildPhase;
			buildActionMask = 2147483647;
			files = (
			);
			runOnlyForDeploymentPostprocessing = 0;
		};
/* End PBXFrameworksBuildPhase section */

/* Begin PBXGroup section */
		33EBA89C2B90F1EC00D579FC = {
			isa = PBXGroup;
			children = (
				33EBA8A72B90F1EC00D579FC /* samplePhoneApp */,
				33EBA8B82B90F1EE00D579FC /* samplePhoneAppTests */,
				33EBA8C22B90F1EE00D579FC /* samplePhoneAppUITests */,
				33EBA8A62B90F1EC00D579FC /* Products */,
			);
			sourceTree = "<group>";
		};
		33EBA8A62B90F1EC00D579FC /* Products */ = {
			isa = PBXGroup;
			children = (
				33EBA8A52B90F1EC00D579FC /* samplePhoneApp.app */,
				33EBA8B52B90F1EE00D579FC /* samplePhoneAppTests.xctest */,
				33EBA8BF2B90F1EE00D579FC /* samplePhoneAppUITests.xctest */,
			);
			name = Products;
			sourceTree = "<group>";
		};
		33EBA8A72B90F1EC00D579FC /* samplePhoneApp */ = {
			isa = PBXGroup;
			children = (
				33EBA8A82B90F1EC00D579FC /* samplePhoneAppApp.swift */,
				33EBA8AA2B90F1EC00D579FC /* ContentView.swift */,
				33EBA8AC2B90F1ED00D579FC /* Assets.xcassets */,
				33EBA8AE2B90F1ED00D579FC /* Preview Content */,
			);
			path = samplePhoneApp;
			sourceTree = "<group>";
		};
		33EBA8AE2B90F1ED00D579FC /* Preview Content */ = {
			isa = PBXGroup;
			children = (
				33EBA8AF2B90F1ED00D579FC /* Preview Assets.xcassets */,
			);
			path = "Preview Content";
			sourceTree = "<group>";
		};
		33EBA8B82B90F1EE00D579FC /* samplePhoneAppTests */ = {
			isa = PBXGroup;
			children = (
				33EBA8B92B90F1EE00D579FC /* samplePhoneAppTests.swift */,
			);
			path = samplePhoneAppTests;
			sourceTree = "<group>";
		};
		33EBA8C22B90F1EE00D579FC /* samplePhoneAppUITests */ = {
			isa = PBXGroup;
			children = (
				33EBA8C32B90F1EE00D579FC /* samplePhoneAppUITests.swift */,
				33EBA8C52B90F1EE00D579FC /* samplePhoneAppUITestsLaunchTests.swift */,
			);
			path = samplePhoneAppUITests;
			sourceTree = "<group>";
		};
/* End PBXGroup section */

/* Begin PBXNativeTarget section */
		33EBA8A42B90F1EC00D579FC /* samplePhoneApp */ = {
			isa = PBXNativeTarget;
			buildConfigurationList = 33EBA8C92B90F1EE00D579FC /* Build configuration list for PBXNativeTarget "samplePhoneApp" */;
			buildPhases = (
				33EBA8A12B90F1EC00D579FC /* Sources */,
				33EBA8A22B90F1EC00D579FC /* Frameworks */,
				33EBA8A32B90F1EC00D579FC /* Resources */,
			);
			buildRules = (
			);
			dependencies = (
			);
			name = samplePhoneApp;
			productName = samplePhoneApp;
			productReference = 33EBA8A52B90F1EC00D579FC /* samplePhoneApp.app */;
			productType = "com.apple.product-type.application";
		};
		33EBA8B42B90F1EE00D579FC /* samplePhoneAppTests */ = {
			isa = PBXNativeTarget;
			buildConfigurationList = 33EBA8CC2B90F1EE00D579FC /* Build configuration list for PBXNativeTarget "samplePhoneAppTests" */;
			buildPhases = (
				33EBA8B12B90F1EE00D579FC /* Sources */,
				33EBA8B22B90F1EE00D579FC /* Frameworks */,
				33EBA8B32B90F1EE00D579FC /* Resources */,
			);
			buildRules = (
			);
			dependencies = (
				33EBA8B72B90F1EE00D579FC /* PBXTargetDependency */,
			);
			name = samplePhoneAppTests;
			productName = samplePhoneAppTests;
			productReference = 33EBA8B52B90F1EE00D579FC /* samplePhoneAppTests.xctest */;
			productType = "com.apple.product-type.bundle.unit-test";
		};
		33EBA8BE2B90F1EE00D579FC /* samplePhoneAppUITests */ = {
			isa = PBXNativeTarget;
			buildConfigurationList = 33EBA8CF2B90F1EE00D579FC /* Build configuration list for PBXNativeTarget "samplePhoneAppUITests" */;
			buildPhases = (
				33EBA8BB2B90F1EE00D579FC /* Sources */,
				33EBA8BC2B90F1EE00D579FC /* Frameworks */,
				33EBA8BD2B90F1EE00D579FC /* Resources */,
			);
			buildRules = (
			);
			dependencies = (
				33EBA8C12B90F1EE00D579FC /* PBXTargetDependency */,
			);
			name = samplePhoneAppUITests;
			productName = samplePhoneAppUITests;
			productReference = 33EBA8BF2B90F1EE00D579FC /* samplePhoneAppUITests.xctest */;
			productType = "com.apple.product-type.bundle.ui-testing";
		};
/* End PBXNativeTarget section */

/* Begin PBXProject section */
		33EBA89D2B90F1EC00D579FC /* Project object */ = {
			isa = PBXProject;
			attributes = {
				BuildIndependentTargetsInParallel = 1;
				LastSwiftUpdateCheck = 1510;
				LastUpgradeCheck = 1510;
				TargetAttributes = {
					33EBA8A42B90F1EC00D579FC = {
						CreatedOnToolsVersion = 15.1;
					};
					33EBA8B42B90F1EE00D579FC = {
						CreatedOnToolsVersion = 15.1;
						TestTargetID = 33EBA8A42B90F1EC00D579FC;
					};
					33EBA8BE2B90F1EE00D579FC = {
						CreatedOnToolsVersion = 15.1;
						TestTargetID = 33EBA8A42B90F1EC00D579FC;
					};
				};
			};
			buildConfigurationList = 33EBA8A02B90F1EC00D579FC /* Build configuration list for PBXProject "samplePhoneApp" */;
			compatibilityVersion = "Xcode 14.0";
			developmentRegion = en;
			hasScannedForEncodings = 0;
			knownRegions = (
				en,
				Base,
			);
			mainGroup = 33EBA89C2B90F1EC00D579FC;
			productRefGroup = 33EBA8A62B90F1EC00D579FC /* Products */;
			projectDirPath = "";
			projectRoot = "";
			targets = (
				33EBA8A42B90F1EC00D579FC /* samplePhoneApp */,
				33EBA8B42B90F1EE00D579FC /* samplePhoneAppTests */,
				33EBA8BE2B90F1EE00D579FC /* samplePhoneAppUITests */,
			);
		};
/* End PBXProject section */

/* Begin PBXResourcesBuildPhase section */
		33EBA8A32B90F1EC00D579FC /* Resources */ = {
			isa = PBXResourcesBuildPhase;
			buildActionMask = 2147483647;
			files = (
				33EBA8B02B90F1ED00D579FC /* Preview Assets.xcassets in Resources */,
				33EBA8AD2B90F1ED00D579FC /* Assets.xcassets in Resources */,
			);
			runOnlyForDeploymentPostprocessing = 0;
		};
		33EBA8B32B90F1EE00D579FC /* Resources */ = {
			isa = PBXResourcesBuildPhase;
			buildActionMask = 2147483647;
			files = (
			);
			runOnlyForDeploymentPostprocessing = 0;
		};
		33EBA8BD2B90F1EE00D579FC /* Resources */ = {
			isa = PBXResourcesBuildPhase;
			buildActionMask = 2147483647;
			files = (
			);
			runOnlyForDeploymentPostprocessing = 0;
		};
/* End PBXResourcesBuildPhase section */

/* Begin PBXSourcesBuildPhase section */
		33EBA8A12B90F1EC00D579FC /* Sources */ = {
			isa = PBXSourcesBuildPhase;
			buildActionMask = 2147483647;
			files = (
				33EBA8AB2B90F1EC00D579FC /* ContentView.swift in Sources */,
				33EBA8A92B90F1EC00D579FC /* samplePhoneAppApp.swift in Sources */,
			);
			runOnlyForDeploymentPostprocessing = 0;
		};
		33EBA8B12B90F1EE00D579FC /* Sources */ = {
			isa = PBXSourcesBuildPhase;
			buildActionMask = 2147483647;
			files = (
				33EBA8BA2B90F1EE00D579FC /* samplePhoneAppTests.swift in Sources */,
			);
			runOnlyForDeploymentPostprocessing = 0;
		};
		33EBA8BB2B90F1EE00D579FC /* Sources */ = {
			isa = PBXSourcesBuildPhase;
			buildActionMask = 2147483647;
			files = (
				33EBA8C42B90F1EE00D579FC /* samplePhoneAppUITests.swift in Sources */,
				33EBA8C62B90F1EE00D579FC /* samplePhoneAppUITestsLaunchTests.swift in Sources */,
			);
			runOnlyForDeploymentPostprocessing = 0;
		};
/* End PBXSourcesBuildPhase section */

/* Begin PBXTargetDependency section */
		33EBA8B72B90F1EE00D579FC /* PBXTargetDependency */ = {
			isa = PBXTargetDependency;
			target = 33EBA8A42B90F1EC00D579FC /* samplePhoneApp */;
			targetProxy = 33EBA8B62B90F1EE00D579FC /* PBXContainerItemProxy */;
		};
		33EBA8C12B90F1EE00D579FC /* PBXTargetDependency */ = {
			isa = PBXTargetDependency;
			target = 33EBA8A42B90F1EC00D579FC /* samplePhoneApp */;
			targetProxy = 33EBA8C02B90F1EE00D579FC /* PBXContainerItemProxy */;
		};
/* End PBXTargetDependency section */

/* Begin XCBuildConfiguration section */
		33EBA8C72B90F1EE00D579FC /* Debug */ = {
			isa = XCBuildConfiguration;
			buildSettings = {
				ALWAYS_SEARCH_USER_PATHS = NO;
				ASSETCATALOG_COMPILER_GENERATE_SWIFT_ASSET_SYMBOL_EXTENSIONS = YES;
				CLANG_ANALYZER_NONNULL = YES;
				CLANG_ANALYZER_NUMBER_OBJECT_CONVERSION = YES_AGGRESSIVE;
				CLANG_CXX_LANGUAGE_STANDARD = "gnu++20";
				CLANG_ENABLE_MODULES = YES;
				CLANG_ENABLE_OBJC_ARC = YES;
				CLANG_ENABLE_OBJC_WEAK = YES;
				CLANG_WARN_BLOCK_CAPTURE_AUTORELEASING = YES;
				CLANG_WARN_BOOL_CONVERSION = YES;
				CLANG_WARN_COMMA = YES;
				CLANG_WARN_CONSTANT_CONVERSION = YES;
				CLANG_WARN_DEPRECATED_OBJC_IMPLEMENTATIONS = YES;
				CLANG_WARN_DIRECT_OBJC_ISA_USAGE = YES_ERROR;
				CLANG_WARN_DOCUMENTATION_COMMENTS = YES;
				CLANG_WARN_EMPTY_BODY = YES;
				CLANG_WARN_ENUM_CONVERSION = YES;
				CLANG_WARN_INFINITE_RECURSION = YES;
				CLANG_WARN_INT_CONVERSION = YES;
				CLANG_WARN_NON_LITERAL_NULL_CONVERSION = YES;
				CLANG_WARN_OBJC_IMPLICIT_RETAIN_SELF = YES;
				CLANG_WARN_OBJC_LITERAL_CONVERSION = YES;
				CLANG_WARN_OBJC_ROOT_CLASS = YES_ERROR;
				CLANG_WARN_QUOTED_INCLUDE_IN_FRAMEWORK_HEADER = YES;
				CLANG_WARN_RANGE_LOOP_ANALYSIS = YES;
				CLANG_WARN_STRICT_PROTOTYPES = YES;
				CLANG_WARN_SUSPICIOUS_MOVE = YES;
				CLANG_WARN_UNGUARDED_AVAILABILITY = YES_AGGRESSIVE;
				CLANG_WARN_UNREACHABLE_CODE = YES;
				CLANG_WARN__DUPLICATE_METHOD_MATCH = YES;
				COPY_PHASE_STRIP = NO;
				DEBUG_INFORMATION_FORMAT = dwarf;
				ENABLE_STRICT_OBJC_MSGSEND = YES;
				ENABLE_TESTABILITY = YES;
				ENABLE_USER_SCRIPT_SANDBOXING = YES;
				GCC_C_LANGUAGE_STANDARD = gnu17;
				GCC_DYNAMIC_NO_PIC = NO;
				GCC_NO_COMMON_BLOCKS = YES;
				GCC_OPTIMIZATION_LEVEL = 0;
				GCC_PREPROCESSOR_DEFINITIONS = (
					"DEBUG=1",
					"$(inherited)",
				);
				GCC_WARN_64_TO_32_BIT_CONVERSION = YES;
				GCC_WARN_ABOUT_RETURN_TYPE = YES_ERROR;
				GCC_WARN_UNDECLARED_SELECTOR = YES;
				GCC_WARN_UNINITIALIZED_AUTOS = YES_AGGRESSIVE;
				GCC_WARN_UNUSED_FUNCTION = YES;
				GCC_WARN_UNUSED_VARIABLE = YES;
				IPHONEOS_DEPLOYMENT_TARGET = 17.2;
				LOCALIZATION_PREFERS_STRING_CATALOGS = YES;
				MTL_ENABLE_DEBUG_INFO = INCLUDE_SOURCE;
				MTL_FAST_MATH = YES;
				ONLY_ACTIVE_ARCH = YES;
				SDKROOT = iphoneos;
				SWIFT_ACTIVE_COMPILATION_CONDITIONS = "DEBUG $(inherited)";
				SWIFT_OPTIMIZATION_LEVEL = "-Onone";
			};
			name = Debug;
		};
		33EBA8C82B90F1EE00D579FC /* Release */ = {
			isa = XCBuildConfiguration;
			buildSettings = {
				ALWAYS_SEARCH_USER_PATHS = NO;
				ASSETCATALOG_COMPILER_GENERATE_SWIFT_ASSET_SYMBOL_EXTENSIONS = YES;
				CLANG_ANALYZER_NONNULL = YES;
				CLANG_ANALYZER_NUMBER_OBJECT_CONVERSION = YES_AGGRESSIVE;
				CLANG_CXX_LANGUAGE_STANDARD = "gnu++20";
				CLANG_ENABLE_MODULES = YES;
				CLANG_ENABLE_OBJC_ARC = YES;
				CLANG_ENABLE_OBJC_WEAK = YES;
				CLANG_WARN_BLOCK_CAPTURE_AUTORELEASING = YES;
				CLANG_WARN_BOOL_CONVERSION = YES;
				CLANG_WARN_COMMA = YES;
				CLANG_WARN_CONSTANT_CONVERSION = YES;
				CLANG_WARN_DEPRECATED_OBJC_IMPLEMENTATIONS = YES;
				CLANG_WARN_DIRECT_OBJC_ISA_USAGE = YES_ERROR;
				CLANG_WARN_DOCUMENTATION_COMMENTS = YES;
				CLANG_WARN_EMPTY_BODY = YES;
				CLANG_WARN_ENUM_CONVERSION = YES;
				CLANG_WARN_INFINITE_RECURSION = YES;
				CLANG_WARN_INT_CONVERSION = YES;
				CLANG_WARN_NON_LITERAL_NULL_CONVERSION = YES;
				CLANG_WARN_OBJC_IMPLICIT_RETAIN_SELF = YES;
				CLANG_WARN_OBJC_LITERAL_CONVERSION = YES;
				CLANG_WARN_OBJC_ROOT_CLASS = YES_ERROR;
				CLANG_WARN_QUOTED_INCLUDE_IN_FRAMEWORK_HEADER = YES;
				CLANG_WARN_RANGE_LOOP_ANALYSIS = YES;
				CLANG_WARN_STRICT_PROTOTYPES = YES;
				CLANG_WARN_SUSPICIOUS_MOVE = YES;
				CLANG_WARN_UNGUARDED_AVAILABILITY = YES_AGGRESSIVE;
				CLANG_WARN_UNREACHABLE_CODE = YES;
				CLANG_WARN__DUPLICATE_METHOD_MATCH = YES;
				COPY_PHASE_STRIP = NO;
				DEBUG_INFORMATION_FORMAT = "dwarf-with-dsym";
				ENABLE_NS_ASSERTIONS = NO;
				ENABLE_STRICT_OBJC_MSGSEND = YES;
				ENABLE_USER_SCRIPT_SANDBOXING = YES;
				GCC_C_LANGUAGE_STANDARD = gnu17;
				GCC_NO_COMMON_BLOCKS = YES;
				GCC_WARN_64_TO_32_BIT_CONVERSION = YES;
				GCC_WARN_ABOUT_RETURN_TYPE = YES_ERROR;
				GCC_WARN_UNDECLARED_SELECTOR = YES;
				GCC_WARN_UNINITIALIZED_AUTOS = YES_AGGRESSIVE;
				GCC_WARN_UNUSED_FUNCTION = YES;
				GCC_WARN_UNUSED_VARIABLE = YES;
				IPHONEOS_DEPLOYMENT_TARGET = 17.2;
				LOCALIZATION_PREFERS_STRING_CATALOGS = YES;
				MTL_ENABLE_DEBUG_INFO = NO;
				MTL_FAST_MATH = YES;
				SDKROOT = iphoneos;
				SWIFT_COMPILATION_MODE = wholemodule;
				VALIDATE_PRODUCT = YES;
			};
			name = Release;
		};
		33EBA8CA2B90F1EE00D579FC /* Debug */ = {
			isa = XCBuildConfiguration;
			buildSettings = {
				ASSETCATALOG_COMPILER_APPICON_NAME = AppIcon;
				ASSETCATALOG_COMPILER_GLOBAL_ACCENT_COLOR_NAME = AccentColor;
				CODE_SIGN_STYLE = Automatic;
				CURRENT_PROJECT_VERSION = 1;
				DEVELOPMENT_ASSET_PATHS = "\"samplePhoneApp/Preview Content\"";
				ENABLE_PREVIEWS = YES;
				GENERATE_INFOPLIST_FILE = YES;
				INFOPLIST_KEY_UIApplicationSceneManifest_Generation = YES;
				INFOPLIST_KEY_UIApplicationSupportsIndirectInputEvents = YES;
				INFOPLIST_KEY_UILaunchScreen_Generation = YES;
				INFOPLIST_KEY_UISupportedInterfaceOrientations_iPad = "UIInterfaceOrientationPortrait UIInterfaceOrientationPortraitUpsideDown UIInterfaceOrientationLandscapeLeft UIInterfaceOrientationLandscapeRight";
				INFOPLIST_KEY_UISupportedInterfaceOrientations_iPhone = "UIInterfaceOrientationPortrait UIInterfaceOrientationLandscapeLeft UIInterfaceOrientationLandscapeRight";
				LD_RUNPATH_SEARCH_PATHS = (
					"$(inherited)",
					"@executable_path/Frameworks",
				);
				MARKETING_VERSION = 1.0;
				PRODUCT_BUNDLE_IDENTIFIER = Mark.samplePhoneApp;
				PRODUCT_NAME = "$(TARGET_NAME)";
				SWIFT_EMIT_LOC_STRINGS = YES;
				SWIFT_VERSION = 5.0;
				TARGETED_DEVICE_FAMILY = "1,2";
			};
			name = Debug;
		};
		33EBA8CB2B90F1EE00D579FC /* Release */ = {
			isa = XCBuildConfiguration;
			buildSettings = {
				ASSETCATALOG_COMPILER_APPICON_NAME = AppIcon;
				ASSETCATALOG_COMPILER_GLOBAL_ACCENT_COLOR_NAME = AccentColor;
				CODE_SIGN_STYLE = Automatic;
				CURRENT_PROJECT_VERSION = 1;
				DEVELOPMENT_ASSET_PATHS = "\"samplePhoneApp/Preview Content\"";
				ENABLE_PREVIEWS = YES;
				GENERATE_INFOPLIST_FILE = YES;
				INFOPLIST_KEY_UIApplicationSceneManifest_Generation = YES;
				INFOPLIST_KEY_UIApplicationSupportsIndirectInputEvents = YES;
				INFOPLIST_KEY_UILaunchScreen_Generation = YES;
				INFOPLIST_KEY_UISupportedInterfaceOrientations_iPad = "UIInterfaceOrientationPortrait UIInterfaceOrientationPortraitUpsideDown UIInterfaceOrientationLandscapeLeft UIInterfaceOrientationLandscapeRight";
				INFOPLIST_KEY_UISupportedInterfaceOrientations_iPhone = "UIInterfaceOrientationPortrait UIInterfaceOrientationLandscapeLeft UIInterfaceOrientationLandscapeRight";
				LD_RUNPATH_SEARCH_PATHS = (
					"$(inherited)",
					"@executable_path/Frameworks",
				);
				MARKETING_VERSION = 1.0;
				PRODUCT_BUNDLE_IDENTIFIER = Mark.samplePhoneApp;
				PRODUCT_NAME = "$(TARGET_NAME)";
				SWIFT_EMIT_LOC_STRINGS = YES;
				SWIFT_VERSION = 5.0;
				TARGETED_DEVICE_FAMILY = "1,2";
			};
			name = Release;
		};
		33EBA8CD2B90F1EE00D579FC /* Debug */ = {
			isa = XCBuildConfiguration;
			buildSettings = {
				ALWAYS_EMBED_SWIFT_STANDARD_LIBRARIES = YES;
				BUNDLE_LOADER = "$(TEST_HOST)";
				CODE_SIGN_STYLE = Automatic;
				CURRENT_PROJECT_VERSION = 1;
				GENERATE_INFOPLIST_FILE = YES;
				IPHONEOS_DEPLOYMENT_TARGET = 17.2;
				MARKETING_VERSION = 1.0;
				PRODUCT_BUNDLE_IDENTIFIER = Mark.samplePhoneAppTests;
				PRODUCT_NAME = "$(TARGET_NAME)";
				SWIFT_EMIT_LOC_STRINGS = NO;
				SWIFT_VERSION = 5.0;
				TARGETED_DEVICE_FAMILY = "1,2";
				TEST_HOST = "$(BUILT_PRODUCTS_DIR)/samplePhoneApp.app/$(BUNDLE_EXECUTABLE_FOLDER_PATH)/samplePhoneApp";
			};
			name = Debug;
		};
		33EBA8CE2B90F1EE00D579FC /* Release */ = {
			isa = XCBuildConfiguration;
			buildSettings = {
				ALWAYS_EMBED_SWIFT_STANDARD_LIBRARIES = YES;
				BUNDLE_LOADER = "$(TEST_HOST)";
				CODE_SIGN_STYLE = Automatic;
				CURRENT_PROJECT_VERSION = 1;
				GENERATE_INFOPLIST_FILE = YES;
				IPHONEOS_DEPLOYMENT_TARGET = 17.2;
				MARKETING_VERSION = 1.0;
				PRODUCT_BUNDLE_IDENTIFIER = Mark.samplePhoneAppTests;
				PRODUCT_NAME = "$(TARGET_NAME)";
				SWIFT_EMIT_LOC_STRINGS = NO;
				SWIFT_VERSION = 5.0;
				TARGETED_DEVICE_FAMILY = "1,2";
				TEST_HOST = "$(BUILT_PRODUCTS_DIR)/samplePhoneApp.app/$(BUNDLE_EXECUTABLE_FOLDER_PATH)/samplePhoneApp";
			};
			name = Release;
		};
		33EBA8D02B90F1EE00D579FC /* Debug */ = {
			isa = XCBuildConfiguration;
			buildSettings = {
				ALWAYS_EMBED_SWIFT_STANDARD_LIBRARIES = YES;
				CODE_SIGN_STYLE = Automatic;
				CURRENT_PROJECT_VERSION = 1;
				GENERATE_INFOPLIST_FILE = YES;
				MARKETING_VERSION = 1.0;
				PRODUCT_BUNDLE_IDENTIFIER = Mark.samplePhoneAppUITests;
				PRODUCT_NAME = "$(TARGET_NAME)";
				SWIFT_EMIT_LOC_STRINGS = NO;
				SWIFT_VERSION = 5.0;
				TARGETED_DEVICE_FAMILY = "1,2";
				TEST_TARGET_NAME = samplePhoneApp;
			};
			name = Debug;
		};
		33EBA8D12B90F1EE00D579FC /* Release */ = {
			isa = XCBuildConfiguration;
			buildSettings = {
				ALWAYS_EMBED_SWIFT_STANDARD_LIBRARIES = YES;
				CODE_SIGN_STYLE = Automatic;
				CURRENT_PROJECT_VERSION = 1;
				GENERATE_INFOPLIST_FILE = YES;
				MARKETING_VERSION = 1.0;
				PRODUCT_BUNDLE_IDENTIFIER = Mark.samplePhoneAppUITests;
				PRODUCT_NAME = "$(TARGET_NAME)";
				SWIFT_EMIT_LOC_STRINGS = NO;
				SWIFT_VERSION = 5.0;
				TARGETED_DEVICE_FAMILY = "1,2";
				TEST_TARGET_NAME = samplePhoneApp;
			};
			name = Release;
		};
/* End XCBuildConfiguration section */

/* Begin XCConfigurationList section */
		33EBA8A02B90F1EC00D579FC /* Build configuration list for PBXProject "samplePhoneApp" */ = {
			isa = XCConfigurationList;
			buildConfigurations = (
				33EBA8C72B90F1EE00D579FC /* Debug */,
				33EBA8C82B90F1EE00D579FC /* Release */,
			);
			defaultConfigurationIsVisible = 0;
			defaultConfigurationName = Release;
		};
		33EBA8C92B90F1EE00D579FC /* Build configuration list for PBXNativeTarget "samplePhoneApp" */ = {
			isa = XCConfigurationList;
			buildConfigurations = (
				33EBA8CA2B90F1EE00D579FC /* Debug */,
				33EBA8CB2B90F1EE00D579FC /* Release */,
			);
			defaultConfigurationIsVisible = 0;
			defaultConfigurationName = Release;
		};
		33EBA8CC2B90F1EE00D579FC /* Build configuration list for PBXNativeTarget "samplePhoneAppTests" */ = {
			isa = XCConfigurationList;
			buildConfigurations = (
				33EBA8CD2B90F1EE00D579FC /* Debug */,
				33EBA8CE2B90F1EE00D579FC /* Release */,
			);
			defaultConfigurationIsVisible = 0;
			defaultConfigurationName = Release;
		};
		33EBA8CF2B90F1EE00D579FC /* Build configuration list for PBXNativeTarget "samplePhoneAppUITests" */ = {
			isa = XCConfigurationList;
			buildConfigurations = (
				33EBA8D02B90F1EE00D579FC /* Debug */,
				33EBA8D12B90F1EE00D579FC /* Release */,
			);
			defaultConfigurationIsVisible = 0;
			defaultConfigurationName = Release;
		};
/* End XCConfigurationList section */
	};
	rootObject = 33EBA89D2B90F1EC00D579FC /* Project object */;
}
